Microsoft Visual Studio Solution File, Format Version 12.00
# Visual Studio 15
VisualStudioVersion = 15.0.33026.149
MinimumVisualStudioVersion = 10.0.40219.1
Project("{2150E333-8FDC-42A3-9474-1A3956D46DE8}") = "Project", "Project", "{805F8AF3-A9C9-4936-AF0C-9CDD5E5236BD}"
EndProject
Project("{2150E333-8FDC-42A3-9474-1A3956D46DE8}") = "Foundation", "Foundation", "{DBCD568B-7CAD-4E7F-B691-94B0D80631E5}"
EndProject
Project("{2150E333-8FDC-42A3-9474-1A3956D46DE8}") = "Feature", "Feature", "{8E16B78F-58A0-4555-B1CC-BE0009781156}"
EndProject
Project("{2150E333-8FDC-42A3-9474-1A3956D46DE8}") = "SitecoreDev", "SitecoreDev", "{8D1CC8A5-80D5-4569-9FA7-68415E1FB762}"
EndProject
Project("{2150E333-8FDC-42A3-9474-1A3956D46DE8}") = "SitecoreExtensions", "SitecoreExtensions", "{A70DD7E5-7A4D-4C6E-8028-B9DBD19ECE22}"
EndProject
Project("{FAE04EC0-301F-11D3-BF4B-00C04F79EFBC}") = "Sitecore.Website", "Project\SitecoreDev\Sitecore.Website\Sitecore.Website.csproj", "{8F096B12-7EB5-4136-81EC-93C00105F4EA}"
EndProject
Project("{FAE04EC0-301F-11D3-BF4B-00C04F79EFBC}") = "SitecoreDev.Foundation.SitecoreExtensions", "Foundation\SitecoreExtensions\SitecoreDev.Foundation.SitecoreExtensions\SitecoreDev.Foundation.SitecoreExtensions.csproj", "{6A537582-C124-4EC5-83F4-EC74457E7A8D}"
EndProject
Project("{2150E333-8FDC-42A3-9474-1A3956D46DE8}") = "Media", "Media", "{56DEC7F8-90CF-4353-B48A-6CF7E390643B}"
EndProject
Project("{FAE04EC0-301F-11D3-BF4B-00C04F79EFBC}") = "SitecoreDev.Feature.Media", "Feature\Media\SitecoreDev.Feature.Media\SitecoreDev.Feature.Media.csproj", "{57F11D73-75F8-4B99-BD69-EDEB8BA0B12C}"
EndProject
Project("{2150E333-8FDC-42A3-9474-1A3956D46DE8}") = "Styling", "Styling", "{C0440822-3F89-41CF-9186-D60BB7C7D24D}"
EndProject
Project("{FAE04EC0-301F-11D3-BF4B-00C04F79EFBC}") = "SitecoreDev.Foundation.Styles", "Foundation\Styling\SitecoreDev.Foundation.Styles\SitecoreDev.Foundation.Styles.csproj", "{FF9F37FC-A9D9-4F27-B800-CEBA798CDA35}"
EndProject
Project("{2150E333-8FDC-42A3-9474-1A3956D46DE8}") = "Articles", "Articles", "{9E36CF19-77CD-4856-AB1F-DF8A9309978B}"
EndProject
Project("{FAE04EC0-301F-11D3-BF4B-00C04F79EFBC}") = "SitecoreDev.Feature.Articles", "Feature\Articles\SitecoreDev.Feature.Articles\SitecoreDev.Feature.Articles.csproj", "{3F9B3168-DC54-4536-A8B6-5CCC61A7E146}"
EndProject
Project("{2150E333-8FDC-42A3-9474-1A3956D46DE8}") = "Orm", "Orm", "{ED5A7D60-69E8-44D9-9D52-DE9F5F84138A}"
EndProject
Project("{FAE04EC0-301F-11D3-BF4B-00C04F79EFBC}") = "SitecoreDev.Foundation.Orm", "Foundation\Orm\SitecoreDev.Foundation.Orm\SitecoreDev.Foundation.Orm.csproj", "{EC029FA0-7DF9-458D-8A51-36702D8158FB}"
EndProject
Project("{2150E333-8FDC-42A3-9474-1A3956D46DE8}") = "Model", "Model", "{AF887D67-DACC-4D79-961C-EA4F3A635541}"
EndProject
Project("{9A19103F-16F7-4668-BE54-9A1E7A4F7556}") = "SitecoreDev.Foundation.Model", "Foundation\Model\SitecoreDev.Foundation.Model\SitecoreDev.Foundation.Model.csproj", "{3189698B-5454-4035-9EF8-868CDE92FB35}"
EndProject
Project("{2150E333-8FDC-42A3-9474-1A3956D46DE8}") = "Repository", "Repository", "{AE64B8C3-7A30-4445-B4FF-ABC98C74EB77}"
EndProject
Project("{FAE04EC0-301F-11D3-BF4B-00C04F79EFBC}") = "SitecoreDev.Foundation.Repository", "Foundation\Repository\SitecoreDev.Foundation.Repository\SitecoreDev.Foundation.Repository.csproj", "{360CC500-DEED-4750-9609-EB9452D37B0E}"
EndProject
Project("{2150E333-8FDC-42A3-9474-1A3956D46DE8}") = "IoC", "IoC", "{C95DC7E7-0CAD-4E82-A04E-BB77EF7B2040}"
EndProject
Project("{FAE04EC0-301F-11D3-BF4B-00C04F79EFBC}") = "SitecoreDev.Foundation.Ioc", "Foundation\Ioc\SitecoreDev.Foundation.Ioc\SitecoreDev.Foundation.Ioc.csproj", "{30EE0F4E-4B02-460E-9295-E0D8C29D63D4}"
EndProject
Project("{2150E333-8FDC-42A3-9474-1A3956D46DE8}") = "Product", "Product", "{B1D007C2-D0C8-42A4-A3BD-BE09E4407A36}"
EndProject
Project("{FAE04EC0-301F-11D3-BF4B-00C04F79EFBC}") = "SitecoreDev.Feature.Product", "Feature\Product\SitecoreDev.Feature.Product\SitecoreDev.Feature.Product.csproj", "{CBEC04B1-71A1-4905-94A1-2141B96F2DE6}"
EndProject
Global
	GlobalSection(SolutionConfigurationPlatforms) = preSolution
		Debug|Any CPU = Debug|Any CPU
		Release|Any CPU = Release|Any CPU
	EndGlobalSection
	GlobalSection(ProjectConfigurationPlatforms) = postSolution
		{8F096B12-7EB5-4136-81EC-93C00105F4EA}.Debug|Any CPU.ActiveCfg = Debug|Any CPU
		{8F096B12-7EB5-4136-81EC-93C00105F4EA}.Debug|Any CPU.Build.0 = Debug|Any CPU
		{8F096B12-7EB5-4136-81EC-93C00105F4EA}.Release|Any CPU.ActiveCfg = Release|Any CPU
		{8F096B12-7EB5-4136-81EC-93C00105F4EA}.Release|Any CPU.Build.0 = Release|Any CPU
		{6A537582-C124-4EC5-83F4-EC74457E7A8D}.Debug|Any CPU.ActiveCfg = Debug|Any CPU
		{6A537582-C124-4EC5-83F4-EC74457E7A8D}.Debug|Any CPU.Build.0 = Debug|Any CPU
		{6A537582-C124-4EC5-83F4-EC74457E7A8D}.Release|Any CPU.ActiveCfg = Release|Any CPU
		{6A537582-C124-4EC5-83F4-EC74457E7A8D}.Release|Any CPU.Build.0 = Release|Any CPU
		{57F11D73-75F8-4B99-BD69-EDEB8BA0B12C}.Debug|Any CPU.ActiveCfg = Debug|Any CPU
		{57F11D73-75F8-4B99-BD69-EDEB8BA0B12C}.Debug|Any CPU.Build.0 = Debug|Any CPU
		{57F11D73-75F8-4B99-BD69-EDEB8BA0B12C}.Release|Any CPU.ActiveCfg = Release|Any CPU
		{57F11D73-75F8-4B99-BD69-EDEB8BA0B12C}.Release|Any CPU.Build.0 = Release|Any CPU
		{FF9F37FC-A9D9-4F27-B800-CEBA798CDA35}.Debug|Any CPU.ActiveCfg = Debug|Any CPU
		{FF9F37FC-A9D9-4F27-B800-CEBA798CDA35}.Debug|Any CPU.Build.0 = Debug|Any CPU
		{FF9F37FC-A9D9-4F27-B800-CEBA798CDA35}.Release|Any CPU.ActiveCfg = Release|Any CPU
		{FF9F37FC-A9D9-4F27-B800-CEBA798CDA35}.Release|Any CPU.Build.0 = Release|Any CPU
		{3F9B3168-DC54-4536-A8B6-5CCC61A7E146}.Debug|Any CPU.ActiveCfg = Debug|Any CPU
		{3F9B3168-DC54-4536-A8B6-5CCC61A7E146}.Debug|Any CPU.Build.0 = Debug|Any CPU
		{3F9B3168-DC54-4536-A8B6-5CCC61A7E146}.Release|Any CPU.ActiveCfg = Release|Any CPU
		{3F9B3168-DC54-4536-A8B6-5CCC61A7E146}.Release|Any CPU.Build.0 = Release|Any CPU
		{EC029FA0-7DF9-458D-8A51-36702D8158FB}.Debug|Any CPU.ActiveCfg = Debug|Any CPU
		{EC029FA0-7DF9-458D-8A51-36702D8158FB}.Debug|Any CPU.Build.0 = Debug|Any CPU
		{EC029FA0-7DF9-458D-8A51-36702D8158FB}.Release|Any CPU.ActiveCfg = Release|Any CPU
		{EC029FA0-7DF9-458D-8A51-36702D8158FB}.Release|Any CPU.Build.0 = Release|Any CPU
		{3189698B-5454-4035-9EF8-868CDE92FB35}.Debug|Any CPU.ActiveCfg = Debug|Any CPU
		{3189698B-5454-4035-9EF8-868CDE92FB35}.Debug|Any CPU.Build.0 = Debug|Any CPU
		{3189698B-5454-4035-9EF8-868CDE92FB35}.Release|Any CPU.ActiveCfg = Release|Any CPU
		{3189698B-5454-4035-9EF8-868CDE92FB35}.Release|Any CPU.Build.0 = Release|Any CPU
		{360CC500-DEED-4750-9609-EB9452D37B0E}.Debug|Any CPU.ActiveCfg = Debug|Any CPU
		{360CC500-DEED-4750-9609-EB9452D37B0E}.Debug|Any CPU.Build.0 = Debug|Any CPU
		{360CC500-DEED-4750-9609-EB9452D37B0E}.Release|Any CPU.ActiveCfg = Release|Any CPU
		{360CC500-DEED-4750-9609-EB9452D37B0E}.Release|Any CPU.Build.0 = Release|Any CPU
		{30EE0F4E-4B02-460E-9295-E0D8C29D63D4}.Debug|Any CPU.ActiveCfg = Debug|Any CPU
		{30EE0F4E-4B02-460E-9295-E0D8C29D63D4}.Debug|Any CPU.Build.0 = Debug|Any CPU
		{30EE0F4E-4B02-460E-9295-E0D8C29D63D4}.Release|Any CPU.ActiveCfg = Release|Any CPU
		{30EE0F4E-4B02-460E-9295-E0D8C29D63D4}.Release|Any CPU.Build.0 = Release|Any CPU
		{CBEC04B1-71A1-4905-94A1-2141B96F2DE6}.Debug|Any CPU.ActiveCfg = Debug|Any CPU
		{CBEC04B1-71A1-4905-94A1-2141B96F2DE6}.Debug|Any CPU.Build.0 = Debug|Any CPU
		{CBEC04B1-71A1-4905-94A1-2141B96F2DE6}.Release|Any CPU.ActiveCfg = Release|Any CPU
		{CBEC04B1-71A1-4905-94A1-2141B96F2DE6}.Release|Any CPU.Build.0 = Release|Any CPU
	EndGlobalSection
	GlobalSection(SolutionProperties) = preSolution
		HideSolutionNode = FALSE
	EndGlobalSection
	GlobalSection(NestedProjects) = preSolution
		{8D1CC8A5-80D5-4569-9FA7-68415E1FB762} = {805F8AF3-A9C9-4936-AF0C-9CDD5E5236BD}
		{A70DD7E5-7A4D-4C6E-8028-B9DBD19ECE22} = {DBCD568B-7CAD-4E7F-B691-94B0D80631E5}
		{8F096B12-7EB5-4136-81EC-93C00105F4EA} = {8D1CC8A5-80D5-4569-9FA7-68415E1FB762}
		{6A537582-C124-4EC5-83F4-EC74457E7A8D} = {A70DD7E5-7A4D-4C6E-8028-B9DBD19ECE22}
		{56DEC7F8-90CF-4353-B48A-6CF7E390643B} = {8E16B78F-58A0-4555-B1CC-BE0009781156}
		{57F11D73-75F8-4B99-BD69-EDEB8BA0B12C} = {56DEC7F8-90CF-4353-B48A-6CF7E390643B}
		{C0440822-3F89-41CF-9186-D60BB7C7D24D} = {DBCD568B-7CAD-4E7F-B691-94B0D80631E5}
		{FF9F37FC-A9D9-4F27-B800-CEBA798CDA35} = {C0440822-3F89-41CF-9186-D60BB7C7D24D}
		{9E36CF19-77CD-4856-AB1F-DF8A9309978B} = {8E16B78F-58A0-4555-B1CC-BE0009781156}
		{3F9B3168-DC54-4536-A8B6-5CCC61A7E146} = {9E36CF19-77CD-4856-AB1F-DF8A9309978B}
		{ED5A7D60-69E8-44D9-9D52-DE9F5F84138A} = {DBCD568B-7CAD-4E7F-B691-94B0D80631E5}
		{EC029FA0-7DF9-458D-8A51-36702D8158FB} = {ED5A7D60-69E8-44D9-9D52-DE9F5F84138A}
		{AF887D67-DACC-4D79-961C-EA4F3A635541} = {DBCD568B-7CAD-4E7F-B691-94B0D80631E5}
		{3189698B-5454-4035-9EF8-868CDE92FB35} = {AF887D67-DACC-4D79-961C-EA4F3A635541}
		{AE64B8C3-7A30-4445-B4FF-ABC98C74EB77} = {DBCD568B-7CAD-4E7F-B691-94B0D80631E5}
		{360CC500-DEED-4750-9609-EB9452D37B0E} = {AE64B8C3-7A30-4445-B4FF-ABC98C74EB77}
		{C95DC7E7-0CAD-4E82-A04E-BB77EF7B2040} = {DBCD568B-7CAD-4E7F-B691-94B0D80631E5}
		{30EE0F4E-4B02-460E-9295-E0D8C29D63D4} = {C95DC7E7-0CAD-4E82-A04E-BB77EF7B2040}
		{B1D007C2-D0C8-42A4-A3BD-BE09E4407A36} = {8E16B78F-58A0-4555-B1CC-BE0009781156}
		{CBEC04B1-71A1-4905-94A1-2141B96F2DE6} = {B1D007C2-D0C8-42A4-A3BD-BE09E4407A36}
	EndGlobalSection
	GlobalSection(ExtensibilityGlobals) = postSolution
		SolutionGuid = {8E8EC438-858F-4CC1-98E5-A8CE147B64CA}
	EndGlobalSection
EndGlobal
